{
  "version": "3",
  "packages": {
    "specifiers": {
      "npm:@supabase/supabase-js": "npm:@supabase/supabase-js@2.93.3",
      "npm:zod": "npm:zod@4.3.6"
    },
    "npm": {
      "@supabase/auth-js@2.93.3": {
        "integrity": "sha512-JdnkHZPKexVGSNONtu89RHU4bxz3X9kxx+f5ZnR5osoCIX+vs/MckwWRPZEybAEvlJXt5xjomDb3IB876QCxWQ==",
        "dependencies": {
          "tslib": "tslib@2.8.1"
        }
      },
      "@supabase/functions-js@2.93.3": {
        "integrity": "sha512-qWO0gHNDm/5jRjROv/nv9L6sYabCWS1kzorOLUv3kqCwRvEJLYZga93ppJPrZwOgoZfXmJzvpjY8fODA4HQfBw==",
        "dependencies": {
          "tslib": "tslib@2.8.1"
        }
      },
      "@supabase/postgrest-js@2.93.3": {
        "integrity": "sha512-+iJ96g94skO2e4clsRSmEXg22NUOjh9BziapsJSAvnB1grOBf/BA8vGtCHjNOA+Z6lvKXL1jwBqcL9+fS1W/Lg==",
        "dependencies": {
          "tslib": "tslib@2.8.1"
        }
      },
      "@supabase/realtime-js@2.93.3": {
        "integrity": "sha512-gnYpcFzwy8IkezRP4CDbT5I8jOsiOjrWrqTY1B+7jIriXsnpifmlM6RRjLBm9oD7OwPG0/WksniGPdKW67sXOA==",
        "dependencies": {
          "@types/phoenix": "@types/phoenix@1.6.7",
          "@types/ws": "@types/ws@8.18.1",
          "tslib": "tslib@2.8.1",
          "ws": "ws@8.19.0"
        }
      },
      "@supabase/storage-js@2.93.3": {
        "integrity": "sha512-cw4qXiLrx3apglDM02Tx/w/stvFlrkKocC6vCvuFAz3JtVEl1zH8MUfDQDTH59kJAQVaVdbewrMWSoBob7REnA==",
        "dependencies": {
          "iceberg-js": "iceberg-js@0.8.1",
          "tslib": "tslib@2.8.1"
        }
      },
      "@supabase/supabase-js@2.93.3": {
        "integrity": "sha512-paUqEqdBI9ztr/4bbMoCgeJ6M8ZTm2fpfjSOlzarPuzYveKFM20ZfDZqUpi9CFfYagYj5Iv3m3ztUjaI9/tM1w==",
        "dependencies": {
          "@supabase/auth-js": "@supabase/auth-js@2.93.3",
          "@supabase/functions-js": "@supabase/functions-js@2.93.3",
          "@supabase/postgrest-js": "@supabase/postgrest-js@2.93.3",
          "@supabase/realtime-js": "@supabase/realtime-js@2.93.3",
          "@supabase/storage-js": "@supabase/storage-js@2.93.3"
        }
      },
      "@types/node@18.16.19": {
        "integrity": "sha512-IXl7o+R9iti9eBW4Wg2hx1xQDig183jj7YLn8F7udNceyfkbn1ZxmzZXuak20gR40D7pIkIY1kYGx5VIGbaHKA==",
        "dependencies": {}
      },
      "@types/phoenix@1.6.7": {
        "integrity": "sha512-oN9ive//QSBkf19rfDv45M7eZPi0eEXylht2OLEXicu5b4KoQ1OzXIw+xDSGWxSxe1JmepRR/ZH283vsu518/Q==",
        "dependencies": {}
      },
      "@types/ws@8.18.1": {
        "integrity": "sha512-ThVF6DCVhA8kUGy+aazFQ4kXQ7E1Ty7A3ypFOe0IcJV8O/M511G99AW24irKrW56Wt44yG9+ij8FaqoBGkuBXg==",
        "dependencies": {
          "@types/node": "@types/node@18.16.19"
        }
      },
      "iceberg-js@0.8.1": {
        "integrity": "sha512-1dhVQZXhcHje7798IVM+xoo/1ZdVfzOMIc8/rgVSijRK38EDqOJoGula9N/8ZI5RD8QTxNQtK/Gozpr+qUqRRA==",
        "dependencies": {}
      },
      "tslib@2.8.1": {
        "integrity": "sha512-oJFu94HQb+KVduSUQL7wnpmqnfmLsOA/nAh6b6EH0wCEoK0/mPeXU6c3wKDV83MkOuHPRHtSXKKU99IBazS/2w==",
        "dependencies": {}
      },
      "ws@8.19.0": {
        "integrity": "sha512-blAT2mjOEIi0ZzruJfIhb3nps74PRWTCz1IjglWEEpQl5XS/UNama6u2/rjFkDDouqr4L67ry+1aGIALViWjDg==",
        "dependencies": {}
      },
      "zod@4.3.6": {
        "integrity": "sha512-rftlrkhHZOcjDwkGlnUtZZkvaPHCsDATp4pGpuOOMDaTdDDXF91wuVDJoWoPsKX/3YPQ5fHuF3STjcYyKr+Qhg==",
        "dependencies": {}
      }
    }
  },
  "remote": {},
  "workspace": {
    "packageJson": {
      "dependencies": [
        "npm:@biomejs/biome@2.3.8",
        "npm:@playwright/test@^1.57.0",
        "npm:@supabase/supabase-js@^2.87.1",
        "npm:@types/node@^24.10.2",
        "npm:dotenv@^17.2.3"
      ]
    }
  }
}
